
Microsoft Visual Studio Solution File, Format Version 12.00
# Visual Studio Version 17
VisualStudioVersion = 17.5.33424.131
MinimumVisualStudioVersion = 10.0.40219.1
Project("{FAE04EC0-301F-11D3-BF4B-00C04F79EFBC}") = "Mortgage-Calculator-using-CSharp", "Mortgage-Calculator-using-CSharp\Mortgage-Calculator-using-CSharp.csproj", "{9D12393E-E145-4E5F-892B-87925356DEC7}"
EndProject
Global
	GlobalSection(SolutionConfigurationPlatforms) = preSolution
		Debug|Any CPU = Debug|Any CPU
		Release|Any CPU = Release|Any CPU
	EndGlobalSection
	GlobalSection(ProjectConfigurationPlatforms) = postSolution
		{9D12393E-E145-4E5F-892B-87925356DEC7}.Debug|Any CPU.ActiveCfg = Debug|Any CPU
		{9D12393E-E145-4E5F-892B-87925356DEC7}.Debug|Any CPU.Build.0 = Debug|Any CPU
		{9D12393E-E145-4E5F-892B-87925356DEC7}.Release|Any CPU.ActiveCfg = Release|Any CPU
		{9D12393E-E145-4E5F-892B-87925356DEC7}.Release|Any CPU.Build.0 = Release|Any CPU
	EndGlobalSection
	GlobalSection(SolutionProperties) = preSolution
		HideSolutionNode = FALSE
	EndGlobalSection
	GlobalSection(ExtensibilityGlobals) = postSolution
		SolutionGuid = {50737108-06C4-42DE-9C40-B294A7E22D35}
	EndGlobalSection
EndGlobal
